
Microsoft Visual Studio Solution File, Format Version 12.00
# Visual Studio Version 17
VisualStudioVersion = 17.3.32922.545
MinimumVisualStudioVersion = 10.0.40219.1
Project("{FAE04EC0-301F-11D3-BF4B-00C04F79EFBC}") = "ConsoleApplication", "ConsoleApplication\ConsoleApplication.csproj", "{2DC87A03-9F46-48BE-9F49-B8AEF0B1A91E}"
EndProject
Project("{FAE04EC0-301F-11D3-BF4B-00C04F79EFBC}") = "Common", "Common\Common.csproj", "{AF8A6CE6-1C81-4828-8E8E-00247004271A}"
EndProject
Project("{FAE04EC0-301F-11D3-BF4B-00C04F79EFBC}") = "Tests", "Tests\Tests.csproj", "{8F31686E-4FF7-4500-B33A-3098297CA18E}"
EndProject
Global
	GlobalSection(SolutionConfigurationPlatforms) = preSolution
		Debug|Any CPU = Debug|Any CPU
		Release|Any CPU = Release|Any CPU
	EndGlobalSection
	GlobalSection(ProjectConfigurationPlatforms) = postSolution
		{2DC87A03-9F46-48BE-9F49-B8AEF0B1A91E}.Debug|Any CPU.ActiveCfg = Debug|Any CPU
		{2DC87A03-9F46-48BE-9F49-B8AEF0B1A91E}.Debug|Any CPU.Build.0 = Debug|Any CPU
		{2DC87A03-9F46-48BE-9F49-B8AEF0B1A91E}.Release|Any CPU.ActiveCfg = Release|Any CPU
		{2DC87A03-9F46-48BE-9F49-B8AEF0B1A91E}.Release|Any CPU.Build.0 = Release|Any CPU
		{AF8A6CE6-1C81-4828-8E8E-00247004271A}.Debug|Any CPU.ActiveCfg = Debug|Any CPU
		{AF8A6CE6-1C81-4828-8E8E-00247004271A}.Debug|Any CPU.Build.0 = Debug|Any CPU
		{AF8A6CE6-1C81-4828-8E8E-00247004271A}.Release|Any CPU.ActiveCfg = Release|Any CPU
		{AF8A6CE6-1C81-4828-8E8E-00247004271A}.Release|Any CPU.Build.0 = Release|Any CPU
		{8F31686E-4FF7-4500-B33A-3098297CA18E}.Debug|Any CPU.ActiveCfg = Debug|Any CPU
		{8F31686E-4FF7-4500-B33A-3098297CA18E}.Debug|Any CPU.Build.0 = Debug|Any CPU
		{8F31686E-4FF7-4500-B33A-3098297CA18E}.Release|Any CPU.ActiveCfg = Release|Any CPU
		{8F31686E-4FF7-4500-B33A-3098297CA18E}.Release|Any CPU.Build.0 = Release|Any CPU
	EndGlobalSection
	GlobalSection(SolutionProperties) = preSolution
		HideSolutionNode = FALSE
	EndGlobalSection
	GlobalSection(ExtensibilityGlobals) = postSolution
		SolutionGuid = {D983020E-65F9-4322-98F5-D4592933F9D2}
	EndGlobalSection
EndGlobal
